# Generated by conda-lock.
# platform: osx-arm64
# input_hash: 92c2ae8a6d8e2576e57cb78cb4e4d845753f0101d9be975f60ef22215f4854b4
@EXPLICIT
https://conda.anaconda.org/conda-forge/osx-arm64/bzip2-1.0.8-h3422bc3_4.tar.bz2#fc76ace7b94fb1f694988ab1b14dd248
https://conda.anaconda.org/conda-forge/osx-arm64/c-ares-1.19.1-hb547adb_0.conda#e7fc7430440d255e3a9c7e5a52f7b294
https://conda.anaconda.org/conda-forge/osx-arm64/ca-certificates-2023.5.7-hf0a4a13_0.conda#a8387be82224743cf849fb907790b91a
https://conda.anaconda.org/conda-forge/osx-arm64/icu-72.1-he12128b_0.conda#d1a11dfc54168a07856dbf87f393ca82
https://conda.anaconda.org/conda-forge/osx-arm64/libcxx-16.0.6-h4653b0c_0.conda#9d7d724faf0413bf1dbc5a85935700c8
https://conda.anaconda.org/conda-forge/osx-arm64/libev-4.33-h642e427_1.tar.bz2#566dbf70fe79eacdb3c3d3d195a27f55
https://conda.anaconda.org/conda-forge/osx-arm64/libffi-3.4.2-h3422bc3_5.tar.bz2#086914b672be056eb70fd4285b6783b6
https://conda.anaconda.org/conda-forge/osx-arm64/libiconv-1.17-he4db4b2_0.tar.bz2#686f9c755574aa221f29fbcf36a67265
https://conda.anaconda.org/conda-forge/osx-arm64/libzlib-1.2.13-h53f4e23_5.conda#1a47f5236db2e06a320ffa0392f81bd8
https://conda.anaconda.org/conda-forge/osx-arm64/llvm-openmp-16.0.6-h1c12783_0.conda#52e5730888439f7f55fd4f83905581b4
https://conda.anaconda.org/conda-forge/osx-arm64/lzo-2.10-h642e427_1000.tar.bz2#ddab5f96f5573a9bd5e24f9994fd6ec9
https://conda.anaconda.org/conda-forge/osx-arm64/ncurses-6.4-h7ea286d_0.conda#318337fb9d0c53ba635efb7888242373
https://conda.anaconda.org/conda-forge/noarch/pybind11-abi-4-hd8ed1ab_3.tar.bz2#878f923dd6acc8aeb47a75da6c4098be
https://conda.anaconda.org/conda-forge/osx-arm64/python_abi-3.10-3_cp310.conda#3f2b2974db21a33a2f45b0c9abbb7516
https://conda.anaconda.org/conda-forge/osx-arm64/reproc-14.2.4-h1a8c8d9_0.conda#2926452d62f061150e61a244557ab6a9
https://conda.anaconda.org/conda-forge/noarch/tzdata-2023c-h71feb2d_0.conda#939e3e74d8be4dac89ce83b20de2492a
https://conda.anaconda.org/conda-forge/osx-arm64/xz-5.2.6-h57fd34a_0.tar.bz2#39c6b54e94014701dd157f4f576ed211
https://conda.anaconda.org/conda-forge/osx-arm64/fmt-9.1.0-hffc8910_0.tar.bz2#78c11e6b1e971d49e9610d856a845d2f
https://conda.anaconda.org/conda-forge/osx-arm64/libedit-3.1.20191231-hc8eb9b7_2.tar.bz2#30e4362988a2623e9eb34337b83e01f9
https://conda.anaconda.org/conda-forge/osx-arm64/libgfortran5-12.2.0-h0eea778_31.conda#244a7665228221cc951d5126b8bc1465
https://conda.anaconda.org/conda-forge/osx-arm64/libsolv-0.7.24-ha614eb4_1.conda#437f95666755b7ca5143fc11ace79331
https://conda.anaconda.org/conda-forge/osx-arm64/libsqlite-3.42.0-hb31c410_0.conda#6ae1bbf3ae393a45a75685072fffbe8d
https://conda.anaconda.org/conda-forge/osx-arm64/libxml2-2.11.4-he3bdae6_0.conda#3741cfda603726c135ffe37bb83e1ca0
https://conda.anaconda.org/conda-forge/osx-arm64/lz4-c-1.9.4-hb7217d7_0.conda#45505bec548634f7d05e02fb25262cb9
https://conda.anaconda.org/conda-forge/osx-arm64/openssl-3.1.1-h53f4e23_1.conda#7451b96ed28b5fd02f0df32689327755
https://conda.anaconda.org/conda-forge/osx-arm64/readline-8.2-h92ec313_1.conda#8cbb776a2f641b943d413b3e19df71f4
https://conda.anaconda.org/conda-forge/osx-arm64/reproc-cpp-14.2.4-hb7217d7_0.conda#49f41035f14412b5b27d1e2382d00f02
https://conda.anaconda.org/conda-forge/osx-arm64/tk-8.6.12-he1e0b03_0.tar.bz2#2cb3d18eac154109107f093860bd545f
https://conda.anaconda.org/conda-forge/osx-arm64/yaml-cpp-0.7.0-hb7217d7_2.tar.bz2#1ba3d7af8b182ae33d49e4bb567076d3
https://conda.anaconda.org/conda-forge/osx-arm64/zstd-1.5.2-hf913c23_6.conda#8f346953ef63bf5fb482488a659adcf3
https://conda.anaconda.org/conda-forge/osx-arm64/krb5-1.20.1-h69eda48_0.conda#a85db53e45b1173f270fc998dd40ec03
https://conda.anaconda.org/conda-forge/osx-arm64/libarchive-3.6.2-h82b9b87_1.conda#0d82ec4537f2f581332087aac6e15ce1
https://conda.anaconda.org/conda-forge/osx-arm64/libgfortran-5.0.0-12_2_0_hd922786_31.conda#dfc3dff1ce831c8e821f19d5d218825a
https://conda.anaconda.org/conda-forge/osx-arm64/libnghttp2-1.52.0-hae82a92_0.conda#1d319e95a0216f801293626a00337712
https://conda.anaconda.org/conda-forge/osx-arm64/libssh2-1.11.0-h7a5bd25_0.conda#029f7dc931a3b626b94823bc77830b01
https://conda.anaconda.org/conda-forge/osx-arm64/python-3.10.11-h3ba56d0_0_cpython.conda#96c4e977d33ac768ca95ed9bc1166862
https://conda.anaconda.org/conda-forge/noarch/attrs-23.1.0-pyh71513ae_1.conda#3edfead7cedd1ab4400a6c588f3e75f8
https://conda.anaconda.org/conda-forge/noarch/boltons-23.0.0-pyhd8ed1ab_0.conda#033eb25fffd222aceeca6d58cd953680
https://conda.anaconda.org/conda-forge/noarch/certifi-2023.5.7-pyhd8ed1ab_0.conda#5d1b71c942b8421285934dad1d891ebc
https://conda.anaconda.org/conda-forge/noarch/charset-normalizer-3.1.0-pyhd8ed1ab_0.conda#7fcff9f6f123696e940bda77bd4d6551
https://conda.anaconda.org/conda-forge/noarch/colorama-0.4.6-pyhd8ed1ab_0.tar.bz2#3faab06a954c2a04039983f2c4a50d99
https://conda.anaconda.org/conda-forge/noarch/crashtest-0.4.1-pyhd8ed1ab_0.tar.bz2#709a2295dd907bb34afb57d54320642f
https://conda.anaconda.org/conda-forge/noarch/distlib-0.3.6-pyhd8ed1ab_0.tar.bz2#b65b4d50dbd2d50fa0aeac367ec9eed7
https://conda.anaconda.org/conda-forge/noarch/filelock-3.12.2-pyhd8ed1ab_0.conda#53522ec72e6adae42bd373ef58357230
https://conda.anaconda.org/conda-forge/noarch/idna-3.4-pyhd8ed1ab_0.tar.bz2#34272b248891bddccc64479f9a7fffed
https://conda.anaconda.org/conda-forge/noarch/jsonpointer-2.0-py_0.tar.bz2#07d85c22a3beb102a48cd123df84c2a6
https://conda.anaconda.org/conda-forge/osx-arm64/libcurl-8.1.2-h912dcd9_0.conda#af01aa21cd4bb0cf519cda6bcec83fc5
https://conda.anaconda.org/conda-forge/osx-arm64/libopenblas-0.3.23-openmp_hc731615_0.conda#a40b73e171a91527c79fb1c8b10e3312
https://conda.anaconda.org/conda-forge/noarch/lockfile-0.12.2-py_1.tar.bz2#c104d98e09c47519950cffb8dd5b4f10
https://conda.anaconda.org/conda-forge/noarch/more-itertools-9.1.0-pyhd8ed1ab_0.conda#1698a717f83cfecf644a877c174c84bd
https://conda.anaconda.org/conda-forge/osx-arm64/msgpack-python-1.0.5-py310h2887b22_0.conda#edbf567852c73875ecb8b053366cbab8
https://conda.anaconda.org/conda-forge/noarch/packaging-23.1-pyhd8ed1ab_0.conda#91cda59e66e1e4afe9476f8ef98f5c30
https://conda.anaconda.org/conda-forge/noarch/pkginfo-1.9.6-pyhd8ed1ab_0.conda#be1e9f1c65a1ed0f2ae9352fec99db64
https://conda.anaconda.org/conda-forge/noarch/pkgutil-resolve-name-1.3.10-pyhd8ed1ab_0.tar.bz2#89e3c7cdde7d3aaa2aee933b604dd07f
https://conda.anaconda.org/conda-forge/noarch/pluggy-1.0.0-pyhd8ed1ab_5.tar.bz2#7d301a0d25f424d96175f810935f0da9
https://conda.anaconda.org/conda-forge/noarch/ptyprocess-0.7.0-pyhd3deb0d_0.tar.bz2#359eeb6536da0e687af562ed265ec263
https://conda.anaconda.org/conda-forge/osx-arm64/pycosat-0.6.4-py310h8e9501a_1.tar.bz2#a4fc977e05bd8a0be63bd96f8625df8f
https://conda.anaconda.org/conda-forge/noarch/pycparser-2.21-pyhd8ed1ab_0.tar.bz2#076becd9e05608f8dc72757d5f3a91ff
https://conda.anaconda.org/conda-forge/osx-arm64/pyrsistent-0.19.3-py310h8e9501a_0.conda#40a016ab2fe37c6e54915fc197d3fad4
https://conda.anaconda.org/conda-forge/noarch/pysocks-1.7.1-pyha2e5f31_6.tar.bz2#2a7de29fb590ca14b5243c4c812c8025
https://conda.anaconda.org/conda-forge/noarch/python-installer-0.7.0-pyhd8ed1ab_0.conda#65dea78f903d686c8b0c2feaf0e15e1f
https://conda.anaconda.org/conda-forge/osx-arm64/ruamel.yaml.clib-0.2.7-py310h8e9501a_1.conda#586a1f48c1daf7874844ab090af6f191
https://conda.anaconda.org/conda-forge/noarch/setuptools-67.7.2-pyhd8ed1ab_0.conda#3b68bc43ec6baa48f7354a446267eefe
https://conda.anaconda.org/conda-forge/noarch/shellingham-1.5.1-pyhd8ed1ab_0.conda#1de44299f48f522caa2e0074231614e1
https://conda.anaconda.org/conda-forge/noarch/six-1.16.0-pyh6c4a22f_0.tar.bz2#e5f25f8dbc060e9a8d912e432202afc2
https://conda.anaconda.org/conda-forge/noarch/tomli-2.0.1-pyhd8ed1ab_0.tar.bz2#5844808ffab9ebdb694585b50ba02a96
https://conda.anaconda.org/conda-forge/noarch/tomlkit-0.11.8-pyha770c72_0.conda#75838e8556166263a82038b51d01d5f1
https://conda.anaconda.org/conda-forge/noarch/toolz-0.12.0-pyhd8ed1ab_0.tar.bz2#92facfec94bc02d6ccf42e7173831a36
https://conda.anaconda.org/conda-forge/noarch/trove-classifiers-2023.5.24-pyhd8ed1ab_0.conda#4580a4f27cad1c3b275f6f6ad310abae
https://conda.anaconda.org/conda-forge/noarch/typing-3.10.0.0-pyhd8ed1ab_0.tar.bz2#e6573ac68718f17b9d4f5c8eda3190f2
https://conda.anaconda.org/conda-forge/noarch/typing_extensions-4.6.3-pyha770c72_0.conda#4a3014a4d107d15475d106b751c4e352
https://conda.anaconda.org/conda-forge/noarch/webencodings-0.5.1-py_1.tar.bz2#3563be4c5611a44210d9ba0c16113136
https://conda.anaconda.org/conda-forge/noarch/wheel-0.40.0-pyhd8ed1ab_0.conda#49bb0d9e60ce1db25e151780331bb5f3
https://conda.anaconda.org/conda-forge/noarch/zipp-3.15.0-pyhd8ed1ab_0.conda#13018819ca8f5b7cc675a8faf1f5fedf
https://conda.anaconda.org/conda-forge/noarch/backports.cached-property-1.0.2-pyhd8ed1ab_0.tar.bz2#0e1df3978dd516e20ef88c86d51e5432
https://conda.anaconda.org/conda-forge/osx-arm64/cffi-1.15.1-py310h2399d43_3.conda#d0ae0fd0363f0baef9d485c857d1d421
https://conda.anaconda.org/conda-forge/noarch/html5lib-1.1-pyh9f0ad1d_0.tar.bz2#b2355343d6315c892543200231d7154a
https://conda.anaconda.org/conda-forge/noarch/importlib-metadata-6.7.0-pyha770c72_0.conda#ba3786c6846e46038fe60c785d46dc81
https://conda.anaconda.org/conda-forge/noarch/importlib_resources-5.12.0-pyhd8ed1ab_0.conda#e5fd2260a231ee63b6969f4801082f2b
https://conda.anaconda.org/conda-forge/noarch/jaraco.classes-3.2.3-pyhd8ed1ab_0.tar.bz2#31e4a1506968d017229bdb64695013a1
https://conda.anaconda.org/conda-forge/noarch/jsonpatch-1.32-pyhd8ed1ab_0.tar.bz2#09150b51b0528a31a0f6500b96fdde82
https://conda.anaconda.org/conda-forge/osx-arm64/libblas-3.9.0-17_osxarm64_openblas.conda#2597bd39632ec57ef3f5ac14865dca09
https://conda.anaconda.org/conda-forge/osx-arm64/libmamba-1.4.4-h4fa9c85_1.conda#e871e941fb1ea38dab088b13fdb39d0c
https://conda.anaconda.org/conda-forge/noarch/pexpect-4.8.0-pyh1a96a4e_2.tar.bz2#330448ce4403cc74990ac07c555942a1
https://conda.anaconda.org/conda-forge/noarch/pip-23.1.2-pyhd8ed1ab_0.conda#7288da0d36821349cf1126e8670292df
https://conda.anaconda.org/conda-forge/noarch/pyproject_hooks-1.0.0-pyhd8ed1ab_0.conda#21de50391d584eb7f4441b9de1ad773f
https://conda.anaconda.org/conda-forge/osx-arm64/ruamel.yaml-0.17.32-py310h2aa6e3c_0.conda#b61412e35603edc1d049832cc60487f1
https://conda.anaconda.org/conda-forge/noarch/tqdm-4.65.0-pyhd8ed1ab_1.conda#ed792aff3acb977d09c7013358097f83
https://conda.anaconda.org/conda-forge/noarch/typing-extensions-4.6.3-hd8ed1ab_0.conda#3876f650ed7d0f95d70fa4b647621909
https://conda.anaconda.org/conda-forge/osx-arm64/brotlipy-0.7.0-py310h8e9501a_1005.tar.bz2#0dfdc1c2e2fa6d9a1cee4798a9e9454d
https://conda.anaconda.org/conda-forge/osx-arm64/cryptography-41.0.1-py310hdd3b5e7_0.conda#e2cb332535b946d9691bee31bbba8dfd
https://conda.anaconda.org/conda-forge/noarch/importlib_metadata-6.7.0-hd8ed1ab_0.conda#27a4cec373ec84d1c1aa02a1e37f8eaf
https://conda.anaconda.org/conda-forge/noarch/jsonschema-4.17.3-pyhd8ed1ab_0.conda#723268a468177cd44568eb8f794e0d80
https://conda.anaconda.org/conda-forge/osx-arm64/libcblas-3.9.0-17_osxarm64_openblas.conda#cf6f9ca46e3db6b2437024df14046b48
https://conda.anaconda.org/conda-forge/osx-arm64/liblapack-3.9.0-17_osxarm64_openblas.conda#d93cc56c1467a5bcf6a4c9c0be469114
https://conda.anaconda.org/conda-forge/osx-arm64/libmambapy-1.4.4-py310hb7070d9_1.conda#737947241e97a97ac854ac2729d3551c
https://conda.anaconda.org/conda-forge/noarch/platformdirs-3.6.0-pyhd8ed1ab_0.conda#741384b21c1b512617f4ee4ea8457c5d
https://conda.anaconda.org/conda-forge/noarch/poetry-core-1.6.1-pyhd8ed1ab_0.conda#a6d1f61527c27fcc0165a6701a46b9f4
https://conda.anaconda.org/conda-forge/noarch/python-build-0.10.0-pyhd8ed1ab_1.conda#0ab47ce574f6a8bcb9f2076436e7fedb
https://conda.anaconda.org/conda-forge/osx-arm64/xattr-0.10.1-py310h8e9501a_0.conda#7ff8641d5d0a4ee072bb99b7f8747ec3
https://conda.anaconda.org/conda-forge/osx-arm64/zstandard-0.19.0-py310had9512b_1.conda#12e7e195efb08cf15859c7d900fa8ace
https://conda.anaconda.org/conda-forge/noarch/conda-package-streaming-0.8.0-pyhd8ed1ab_0.conda#ebe3230a4c1e135954eee4fb6ef8cded
https://conda.anaconda.org/conda-forge/osx-arm64/keyring-23.13.1-py310hbe9552e_0.conda#4ce7939e59b9f6d8a5b65b81210b2d15
https://conda.anaconda.org/conda-forge/osx-arm64/numpy-1.25.0-py310haa1e00c_0.conda#a0335061ed42c8906b86c3a308ac2e3e
https://conda.anaconda.org/conda-forge/noarch/poetry-plugin-export-1.4.0-pyhd8ed1ab_0.conda#00893c7ea4f9f7620706e0aa94c01b6e
https://conda.anaconda.org/conda-forge/noarch/pyopenssl-23.2.0-pyhd8ed1ab_1.conda#34f7d568bf59d18e3fef8c405cbece21
https://conda.anaconda.org/conda-forge/noarch/virtualenv-20.23.1-pyhd8ed1ab_0.conda#838b85f656b078bdd882ef97978e7f40
https://conda.anaconda.org/conda-forge/noarch/conda-package-handling-2.0.2-pyh38be061_0.conda#44800e9bd13143292097c65e57323038
https://conda.anaconda.org/conda-forge/osx-arm64/rapidfuzz-2.15.1-py310h0f1eb42_0.conda#a8db2ef09bcffd6def96f1cd53a50a6f
https://conda.anaconda.org/conda-forge/noarch/urllib3-1.26.15-pyhd8ed1ab_0.conda#27db656619a55d727eaf5a6ece3d2fd6
https://conda.anaconda.org/conda-forge/noarch/cleo-2.0.1-pyhd8ed1ab_0.conda#f1c5f2af6676cbe9206e191d1e70f661
https://conda.anaconda.org/conda-forge/osx-arm64/dulwich-0.21.5-py310h2aa6e3c_0.conda#38b678cf48047633659a29168be97c11
https://conda.anaconda.org/conda-forge/noarch/requests-2.31.0-pyhd8ed1ab_0.conda#a30144e4156cdbb236f99ebb49828f8b
https://conda.anaconda.org/conda-forge/noarch/cachecontrol-0.12.14-pyhd8ed1ab_0.conda#db23395890ef31be3c2320fb41b665b0
https://conda.anaconda.org/conda-forge/osx-arm64/conda-23.5.0-py310hbe9552e_1.conda#9e9727d79094664e8516144de34b5c97
https://conda.anaconda.org/conda-forge/noarch/requests-toolbelt-1.0.0-pyhd8ed1ab_0.conda#99c98318c8646b08cc764f90ce98906e
https://conda.anaconda.org/conda-forge/noarch/cachecontrol-with-filecache-0.12.14-pyhd8ed1ab_0.conda#43ed0c094b39bb352382db8105ab0b94
https://conda.anaconda.org/conda-forge/osx-arm64/mamba-1.4.4-py310ha5d4528_1.conda#e8639e43609e8124f8fbd9cf48a5e50d
https://conda.anaconda.org/conda-forge/noarch/poetry-1.5.1-osx_pyhd8ed1ab_0.conda#cb22f4398986b6cde646b8ec6efe141f
